
Microsoft Visual Studio Solution File, Format Version 12.00
# Visual Studio 2013
VisualStudioVersion = 12.0.30723.0
MinimumVisualStudioVersion = 10.0.40219.1
Project("{FAE04EC0-301F-11D3-BF4B-00C04F79EFBC}") = "ArduinoSignalR", "ArduinoSignalR\ArduinoSignalR.csproj", "{A271C6BA-BC77-4360-AFFA-5B079513CEF8}"
EndProject
Project("{FAE04EC0-301F-11D3-BF4B-00C04F79EFBC}") = "ArgosDesktop", "Argos\ArgosDesktop.csproj", "{77EBB904-E173-4D9B-8544-70F6E8B0FFB5}"
EndProject
Project("{FAE04EC0-301F-11D3-BF4B-00C04F79EFBC}") = "Android", "Android\Android.csproj", "{CE666C13-C677-42B9-87A4-02A7F42AB0EB}"
EndProject
Global
	GlobalSection(SolutionConfigurationPlatforms) = preSolution
		Debug|Any CPU = Debug|Any CPU
		Debug|Mixed Platforms = Debug|Mixed Platforms
		Debug|x86 = Debug|x86
		Release|Any CPU = Release|Any CPU
		Release|Mixed Platforms = Release|Mixed Platforms
		Release|x86 = Release|x86
	EndGlobalSection
	GlobalSection(ProjectConfigurationPlatforms) = postSolution
		{A271C6BA-BC77-4360-AFFA-5B079513CEF8}.Debug|Any CPU.ActiveCfg = Debug|Any CPU
		{A271C6BA-BC77-4360-AFFA-5B079513CEF8}.Debug|Any CPU.Build.0 = Debug|Any CPU
		{A271C6BA-BC77-4360-AFFA-5B079513CEF8}.Debug|Mixed Platforms.ActiveCfg = Debug|Any CPU
		{A271C6BA-BC77-4360-AFFA-5B079513CEF8}.Debug|Mixed Platforms.Build.0 = Debug|Any CPU
		{A271C6BA-BC77-4360-AFFA-5B079513CEF8}.Debug|Mixed Platforms.Deploy.0 = Debug|Any CPU
		{A271C6BA-BC77-4360-AFFA-5B079513CEF8}.Debug|x86.ActiveCfg = Debug|Any CPU
		{A271C6BA-BC77-4360-AFFA-5B079513CEF8}.Release|Any CPU.ActiveCfg = Release|Any CPU
		{A271C6BA-BC77-4360-AFFA-5B079513CEF8}.Release|Any CPU.Build.0 = Release|Any CPU
		{A271C6BA-BC77-4360-AFFA-5B079513CEF8}.Release|Mixed Platforms.ActiveCfg = Release|Any CPU
		{A271C6BA-BC77-4360-AFFA-5B079513CEF8}.Release|Mixed Platforms.Build.0 = Release|Any CPU
		{A271C6BA-BC77-4360-AFFA-5B079513CEF8}.Release|x86.ActiveCfg = Release|Any CPU
		{77EBB904-E173-4D9B-8544-70F6E8B0FFB5}.Debug|Any CPU.ActiveCfg = Debug|x86
		{77EBB904-E173-4D9B-8544-70F6E8B0FFB5}.Debug|Mixed Platforms.ActiveCfg = Debug|x86
		{77EBB904-E173-4D9B-8544-70F6E8B0FFB5}.Debug|Mixed Platforms.Build.0 = Debug|x86
		{77EBB904-E173-4D9B-8544-70F6E8B0FFB5}.Debug|x86.ActiveCfg = Debug|x86
		{77EBB904-E173-4D9B-8544-70F6E8B0FFB5}.Debug|x86.Build.0 = Debug|x86
		{77EBB904-E173-4D9B-8544-70F6E8B0FFB5}.Release|Any CPU.ActiveCfg = Release|x86
		{77EBB904-E173-4D9B-8544-70F6E8B0FFB5}.Release|Mixed Platforms.ActiveCfg = Release|x86
		{77EBB904-E173-4D9B-8544-70F6E8B0FFB5}.Release|Mixed Platforms.Build.0 = Release|x86
		{77EBB904-E173-4D9B-8544-70F6E8B0FFB5}.Release|x86.ActiveCfg = Release|x86
		{77EBB904-E173-4D9B-8544-70F6E8B0FFB5}.Release|x86.Build.0 = Release|x86
		{CE666C13-C677-42B9-87A4-02A7F42AB0EB}.Debug|Any CPU.ActiveCfg = Debug|Any CPU
		{CE666C13-C677-42B9-87A4-02A7F42AB0EB}.Debug|Any CPU.Build.0 = Debug|Any CPU
		{CE666C13-C677-42B9-87A4-02A7F42AB0EB}.Debug|Any CPU.Deploy.0 = Debug|Any CPU
		{CE666C13-C677-42B9-87A4-02A7F42AB0EB}.Debug|Mixed Platforms.ActiveCfg = Debug|Any CPU
		{CE666C13-C677-42B9-87A4-02A7F42AB0EB}.Debug|Mixed Platforms.Build.0 = Debug|Any CPU
		{CE666C13-C677-42B9-87A4-02A7F42AB0EB}.Debug|Mixed Platforms.Deploy.0 = Debug|Any CPU
		{CE666C13-C677-42B9-87A4-02A7F42AB0EB}.Debug|x86.ActiveCfg = Debug|Any CPU
		{CE666C13-C677-42B9-87A4-02A7F42AB0EB}.Release|Any CPU.ActiveCfg = Release|Any CPU
		{CE666C13-C677-42B9-87A4-02A7F42AB0EB}.Release|Any CPU.Build.0 = Release|Any CPU
		{CE666C13-C677-42B9-87A4-02A7F42AB0EB}.Release|Any CPU.Deploy.0 = Release|Any CPU
		{CE666C13-C677-42B9-87A4-02A7F42AB0EB}.Release|Mixed Platforms.ActiveCfg = Release|Any CPU
		{CE666C13-C677-42B9-87A4-02A7F42AB0EB}.Release|Mixed Platforms.Build.0 = Release|Any CPU
		{CE666C13-C677-42B9-87A4-02A7F42AB0EB}.Release|Mixed Platforms.Deploy.0 = Release|Any CPU
		{CE666C13-C677-42B9-87A4-02A7F42AB0EB}.Release|x86.ActiveCfg = Release|Any CPU
	EndGlobalSection
	GlobalSection(SolutionProperties) = preSolution
		HideSolutionNode = FALSE
	EndGlobalSection
EndGlobal
